
Microsoft Visual Studio Solution File, Format Version 12.00
# Visual Studio Version 17
VisualStudioVersion = 17.11.35327.3
MinimumVisualStudioVersion = 10.0.40219.1
Project("{FAE04EC0-301F-11D3-BF4B-00C04F79EFBC}") = "Lab6", "Lab6\Lab6.csproj", "{2F7527F7-18DE-40CC-A084-B218FBD54ACB}"
EndProject
Global
	GlobalSection(SolutionConfigurationPlatforms) = preSolution
		Debug|Any CPU = Debug|Any CPU
		Release|Any CPU = Release|Any CPU
	EndGlobalSection
	GlobalSection(ProjectConfigurationPlatforms) = postSolution
		{2F7527F7-18DE-40CC-A084-B218FBD54ACB}.Debug|Any CPU.ActiveCfg = Debug|Any CPU
		{2F7527F7-18DE-40CC-A084-B218FBD54ACB}.Debug|Any CPU.Build.0 = Debug|Any CPU
		{2F7527F7-18DE-40CC-A084-B218FBD54ACB}.Release|Any CPU.ActiveCfg = Release|Any CPU
		{2F7527F7-18DE-40CC-A084-B218FBD54ACB}.Release|Any CPU.Build.0 = Release|Any CPU
	EndGlobalSection
	GlobalSection(SolutionProperties) = preSolution
		HideSolutionNode = FALSE
	EndGlobalSection
	GlobalSection(ExtensibilityGlobals) = postSolution
		SolutionGuid = {5F078690-8B97-4EEE-B595-F3659F83BBA4}
	EndGlobalSection
EndGlobal
